// !$*UTF8*$!
{
	archiveVersion = 1;
	classes = {
	};
	objectVersion = 50;
	objects = {

/* Begin PBXBuildFile section */
		86EDD2F7246A91AF00A697E3 /* MyUnityPluginBridge.h in Headers */ = {isa = PBXBuildFile; fileRef = 86EDD2F5246A91AF00A697E3 /* MyUnityPluginBridge.h */; settings = {ATTRIBUTES = (Public, ); }; };
		86EDD303246A942900A697E3 /* MyUnityPluginUnityProtocol.m in Sources */ = {isa = PBXBuildFile; fileRef = 86EDD302246A942900A697E3 /* MyUnityPluginUnityProtocol.m */; };
		86EDD306246A944A00A697E3 /* MyUnityPluginUnityProtocol.h in Headers */ = {isa = PBXBuildFile; fileRef = 86EDD305246A944A00A697E3 /* MyUnityPluginUnityProtocol.h */; };
		86EDD308246A948000A697E3 /* MyUnityPluginWrapper.h in Headers */ = {isa = PBXBuildFile; fileRef = 86EDD307246A948000A697E3 /* MyUnityPluginWrapper.h */; };
		86EDD30A246A956800A697E3 /* MyUnityPluginWrapper.mm in Sources */ = {isa = PBXBuildFile; fileRef = 86EDD309246A956800A697E3 /* MyUnityPluginWrapper.mm */; };
		86EDD30D246A963D00A697E3 /* MyUnityPlugin.framework in Frameworks */ = {isa = PBXBuildFile; fileRef = 86EDD30C246A963D00A697E3 /* MyUnityPlugin.framework */; };
		86EDD30E246A963D00A697E3 /* MyUnityPlugin.framework in Embed Frameworks */ = {isa = PBXBuildFile; fileRef = 86EDD30C246A963D00A697E3 /* MyUnityPlugin.framework */; settings = {ATTRIBUTES = (CodeSignOnCopy, RemoveHeadersOnCopy, ); }; };
/* End PBXBuildFile section */

/* Begin PBXCopyFilesBuildPhase section */
		86EDD30F246A963D00A697E3 /* Embed Frameworks */ = {
			isa = PBXCopyFilesBuildPhase;
			buildActionMask = 2147483647;
			dstPath = "";
			dstSubfolderSpec = 10;
			files = (
				86EDD30E246A963D00A697E3 /* MyUnityPlugin.framework in Embed Frameworks */,
			);
			name = "Embed Frameworks";
			runOnlyForDeploymentPostprocessing = 0;
		};
/* End PBXCopyFilesBuildPhase section */

/* Begin PBXFileReference section */
		86EDD2F2246A91AF00A697E3 /* MyUnityPluginBridge.framework */ = {isa = PBXFileReference; explicitFileType = wrapper.framework; includeInIndex = 0; path = MyUnityPluginBridge.framework; sourceTree = BUILT_PRODUCTS_DIR; };
		86EDD2F5246A91AF00A697E3 /* MyUnityPluginBridge.h */ = {isa = PBXFileReference; lastKnownFileType = sourcecode.c.h; path = MyUnityPluginBridge.h; sourceTree = "<group>"; };
		86EDD2F6246A91AF00A697E3 /* Info.plist */ = {isa = PBXFileReference; lastKnownFileType = text.plist.xml; path = Info.plist; sourceTree = "<group>"; };
		86EDD302246A942900A697E3 /* MyUnityPluginUnityProtocol.m */ = {isa = PBXFileReference; lastKnownFileType = sourcecode.c.objc; path = MyUnityPluginUnityProtocol.m; sourceTree = "<group>"; };
		86EDD305246A944A00A697E3 /* MyUnityPluginUnityProtocol.h */ = {isa = PBXFileReference; lastKnownFileType = sourcecode.c.h; path = MyUnityPluginUnityProtocol.h; sourceTree = "<group>"; };
		86EDD307246A948000A697E3 /* MyUnityPluginWrapper.h */ = {isa = PBXFileReference; lastKnownFileType = sourcecode.c.h; path = MyUnityPluginWrapper.h; sourceTree = "<group>"; };
		86EDD309246A956800A697E3 /* MyUnityPluginWrapper.mm */ = {isa = PBXFileReference; lastKnownFileType = sourcecode.cpp.objcpp; path = MyUnityPluginWrapper.mm; sourceTree = "<group>"; };
		86EDD30C246A963D00A697E3 /* MyUnityPlugin.framework */ = {isa = PBXFileReference; explicitFileType = wrapper.framework; path = MyUnityPlugin.framework; sourceTree = BUILT_PRODUCTS_DIR; };
/* End PBXFileReference section */

/* Begin PBXFrameworksBuildPhase section */
		86EDD2EF246A91AF00A697E3 /* Frameworks */ = {
			isa = PBXFrameworksBuildPhase;
			buildActionMask = 2147483647;
			files = (
				86EDD30D246A963D00A697E3 /* MyUnityPlugin.framework in Frameworks */,
			);
			runOnlyForDeploymentPostprocessing = 0;
		};
/* End PBXFrameworksBuildPhase section */

/* Begin PBXGroup section */
		86EDD2E8246A91AF00A697E3 = {
			isa = PBXGroup;
			children = (
				86EDD2F4246A91AF00A697E3 /* MyUnityPluginBridge */,
				86EDD2F3246A91AF00A697E3 /* Products */,
				86EDD30B246A963D00A697E3 /* Frameworks */,
			);
			sourceTree = "<group>";
		};
		86EDD2F3246A91AF00A697E3 /* Products */ = {
			isa = PBXGroup;
			children = (
				86EDD2F2246A91AF00A697E3 /* MyUnityPluginBridge.framework */,
			);
			name = Products;
			sourceTree = "<group>";
		};
		86EDD2F4246A91AF00A697E3 /* MyUnityPluginBridge */ = {
			isa = PBXGroup;
			children = (
				86EDD301246A940500A697E3 /* Classes */,
				86EDD2F5246A91AF00A697E3 /* MyUnityPluginBridge.h */,
				86EDD2F6246A91AF00A697E3 /* Info.plist */,
			);
			path = MyUnityPluginBridge;
			sourceTree = "<group>";
		};
		86EDD301246A940500A697E3 /* Classes */ = {
			isa = PBXGroup;
			children = (
				86EDD302246A942900A697E3 /* MyUnityPluginUnityProtocol.m */,
				86EDD305246A944A00A697E3 /* MyUnityPluginUnityProtocol.h */,
				86EDD307246A948000A697E3 /* MyUnityPluginWrapper.h */,
				86EDD309246A956800A697E3 /* MyUnityPluginWrapper.mm */,
			);
			path = Classes;
			sourceTree = "<group>";
		};
		86EDD30B246A963D00A697E3 /* Frameworks */ = {
			isa = PBXGroup;
			children = (
				86EDD30C246A963D00A697E3 /* MyUnityPlugin.framework */,
			);
			name = Frameworks;
			sourceTree = "<group>";
		};
/* End PBXGroup section */

/* Begin PBXHeadersBuildPhase section */
		86EDD2ED246A91AF00A697E3 /* Headers */ = {
			isa = PBXHeadersBuildPhase;
			buildActionMask = 2147483647;
			files = (
				86EDD2F7246A91AF00A697E3 /* MyUnityPluginBridge.h in Headers */,
				86EDD306246A944A00A697E3 /* MyUnityPluginUnityProtocol.h in Headers */,
				86EDD308246A948000A697E3 /* MyUnityPluginWrapper.h in Headers */,
			);
			runOnlyForDeploymentPostprocessing = 0;
		};
/* End PBXHeadersBuildPhase section */

/* Begin PBXNativeTarget section */
		86EDD2F1246A91AF00A697E3 /* MyUnityPluginBridge */ = {
			isa = PBXNativeTarget;
			buildConfigurationList = 86EDD2FA246A91AF00A697E3 /* Build configuration list for PBXNativeTarget "MyUnityPluginBridge" */;
			buildPhases = (
				86EDD2ED246A91AF00A697E3 /* Headers */,
				86EDD2EE246A91AF00A697E3 /* Sources */,
				86EDD2EF246A91AF00A697E3 /* Frameworks */,
				86EDD2F0246A91AF00A697E3 /* Resources */,
				86EDD30F246A963D00A697E3 /* Embed Frameworks */,
			);
			buildRules = (
			);
			dependencies = (
			);
			name = MyUnityPluginBridge;
			productName = MyUnityPluginBridge;
			productReference = 86EDD2F2246A91AF00A697E3 /* MyUnityPluginBridge.framework */;
			productType = "com.apple.product-type.framework";
		};
/* End PBXNativeTarget section */

/* Begin PBXProject section */
		86EDD2E9246A91AF00A697E3 /* Project object */ = {
			isa = PBXProject;
			attributes = {
				LastUpgradeCheck = 1140;
				ORGANIZATIONNAME = example;
				TargetAttributes = {
					86EDD2F1246A91AF00A697E3 = {
						CreatedOnToolsVersion = 11.4.1;
					};
				};
			};
			buildConfigurationList = 86EDD2EC246A91AF00A697E3 /* Build configuration list for PBXProject "MyUnityPluginBridge" */;
			compatibilityVersion = "Xcode 9.3";
			developmentRegion = en;
			hasScannedForEncodings = 0;
			knownRegions = (
				en,
				Base,
			);
			mainGroup = 86EDD2E8246A91AF00A697E3;
			productRefGroup = 86EDD2F3246A91AF00A697E3 /* Products */;
			projectDirPath = "";
			projectRoot = "";
			targets = (
				86EDD2F1246A91AF00A697E3 /* MyUnityPluginBridge */,
			);
		};
/* End PBXProject section */

/* Begin PBXResourcesBuildPhase section */
		86EDD2F0246A91AF00A697E3 /* Resources */ = {
			isa = PBXResourcesBuildPhase;
			buildActionMask = 2147483647;
			files = (
			);
			runOnlyForDeploymentPostprocessing = 0;
		};
/* End PBXResourcesBuildPhase section */

/* Begin PBXSourcesBuildPhase section */
		86EDD2EE246A91AF00A697E3 /* Sources */ = {
			isa = PBXSourcesBuildPhase;
			buildActionMask = 2147483647;
			files = (
				86EDD30A246A956800A697E3 /* MyUnityPluginWrapper.mm in Sources */,
				86EDD303246A942900A697E3 /* MyUnityPluginUnityProtocol.m in Sources */,
			);
			runOnlyForDeploymentPostprocessing = 0;
		};
/* End PBXSourcesBuildPhase section */

/* Begin XCBuildConfiguration section */
		86EDD2F8246A91AF00A697E3 /* Debug */ = {
			isa = XCBuildConfiguration;
			buildSettings = {
				ALWAYS_SEARCH_USER_PATHS = NO;
				CLANG_ANALYZER_NONNULL = YES;
				CLANG_ANALYZER_NUMBER_OBJECT_CONVERSION = YES_AGGRESSIVE;
				CLANG_CXX_LANGUAGE_STANDARD = "gnu++14";
				CLANG_CXX_LIBRARY = "libc++";
				CLANG_ENABLE_MODULES = YES;
				CLANG_ENABLE_OBJC_ARC = YES;
				CLANG_ENABLE_OBJC_WEAK = YES;
				CLANG_WARN_BLOCK_CAPTURE_AUTORELEASING = YES;
				CLANG_WARN_BOOL_CONVERSION = YES;
				CLANG_WARN_COMMA = YES;
				CLANG_WARN_CONSTANT_CONVERSION = YES;
				CLANG_WARN_DEPRECATED_OBJC_IMPLEMENTATIONS = YES;
				CLANG_WARN_DIRECT_OBJC_ISA_USAGE = YES_ERROR;
				CLANG_WARN_DOCUMENTATION_COMMENTS = YES;
				CLANG_WARN_EMPTY_BODY = YES;
				CLANG_WARN_ENUM_CONVERSION = YES;
				CLANG_WARN_INFINITE_RECURSION = YES;
				CLANG_WARN_INT_CONVERSION = YES;
				CLANG_WARN_NON_LITERAL_NULL_CONVERSION = YES;
				CLANG_WARN_OBJC_IMPLICIT_RETAIN_SELF = YES;
				CLANG_WARN_OBJC_LITERAL_CONVERSION = YES;
				CLANG_WARN_OBJC_ROOT_CLASS = YES_ERROR;
				CLANG_WARN_RANGE_LOOP_ANALYSIS = YES;
				CLANG_WARN_STRICT_PROTOTYPES = YES;
				CLANG_WARN_SUSPICIOUS_MOVE = YES;
				CLANG_WARN_UNGUARDED_AVAILABILITY = YES_AGGRESSIVE;
				CLANG_WARN_UNREACHABLE_CODE = YES;
				CLANG_WARN__DUPLICATE_METHOD_MATCH = YES;
				COPY_PHASE_STRIP = NO;
				CURRENT_PROJECT_VERSION = 1;
				DEBUG_INFORMATION_FORMAT = dwarf;
				ENABLE_STRICT_OBJC_MSGSEND = YES;
				ENABLE_TESTABILITY = YES;
				GCC_C_LANGUAGE_STANDARD = gnu11;
				GCC_DYNAMIC_NO_PIC = NO;
				GCC_NO_COMMON_BLOCKS = YES;
				GCC_OPTIMIZATION_LEVEL = 0;
				GCC_PREPROCESSOR_DEFINITIONS = (
					"DEBUG=1",
					"$(inherited)",
				);
				GCC_WARN_64_TO_32_BIT_CONVERSION = YES;
				GCC_WARN_ABOUT_RETURN_TYPE = YES_ERROR;
				GCC_WARN_UNDECLARED_SELECTOR = YES;
				GCC_WARN_UNINITIALIZED_AUTOS = YES_AGGRESSIVE;
				GCC_WARN_UNUSED_FUNCTION = YES;
				GCC_WARN_UNUSED_VARIABLE = YES;
				IPHONEOS_DEPLOYMENT_TARGET = 13.4;
				MTL_ENABLE_DEBUG_INFO = INCLUDE_SOURCE;
				MTL_FAST_MATH = YES;
				ONLY_ACTIVE_ARCH = YES;
				SDKROOT = iphoneos;
				VERSIONING_SYSTEM = "apple-generic";
				VERSION_INFO_PREFIX = "";
			};
			name = Debug;
		};
		86EDD2F9246A91AF00A697E3 /* Release */ = {
			isa = XCBuildConfiguration;
			buildSettings = {
				ALWAYS_SEARCH_USER_PATHS = NO;
				CLANG_ANALYZER_NONNULL = YES;
				CLANG_ANALYZER_NUMBER_OBJECT_CONVERSION = YES_AGGRESSIVE;
				CLANG_CXX_LANGUAGE_STANDARD = "gnu++14";
				CLANG_CXX_LIBRARY = "libc++";
				CLANG_ENABLE_MODULES = YES;
				CLANG_ENABLE_OBJC_ARC = YES;
				CLANG_ENABLE_OBJC_WEAK = YES;
				CLANG_WARN_BLOCK_CAPTURE_AUTORELEASING = YES;
				CLANG_WARN_BOOL_CONVERSION = YES;
				CLANG_WARN_COMMA = YES;
				CLANG_WARN_CONSTANT_CONVERSION = YES;
				CLANG_WARN_DEPRECATED_OBJC_IMPLEMENTATIONS = YES;
				CLANG_WARN_DIRECT_OBJC_ISA_USAGE = YES_ERROR;
				CLANG_WARN_DOCUMENTATION_COMMENTS = YES;
				CLANG_WARN_EMPTY_BODY = YES;
				CLANG_WARN_ENUM_CONVERSION = YES;
				CLANG_WARN_INFINITE_RECURSION = YES;
				CLANG_WARN_INT_CONVERSION = YES;
				CLANG_WARN_NON_LITERAL_NULL_CONVERSION = YES;
				CLANG_WARN_OBJC_IMPLICIT_RETAIN_SELF = YES;
				CLANG_WARN_OBJC_LITERAL_CONVERSION = YES;
				CLANG_WARN_OBJC_ROOT_CLASS = YES_ERROR;
				CLANG_WARN_RANGE_LOOP_ANALYSIS = YES;
				CLANG_WARN_STRICT_PROTOTYPES = YES;
				CLANG_WARN_SUSPICIOUS_MOVE = YES;
				CLANG_WARN_UNGUARDED_AVAILABILITY = YES_AGGRESSIVE;
				CLANG_WARN_UNREACHABLE_CODE = YES;
				CLANG_WARN__DUPLICATE_METHOD_MATCH = YES;
				COPY_PHASE_STRIP = NO;
				CURRENT_PROJECT_VERSION = 1;
				DEBUG_INFORMATION_FORMAT = "dwarf-with-dsym";
				ENABLE_NS_ASSERTIONS = NO;
				ENABLE_STRICT_OBJC_MSGSEND = YES;
				GCC_C_LANGUAGE_STANDARD = gnu11;
				GCC_NO_COMMON_BLOCKS = YES;
				GCC_WARN_64_TO_32_BIT_CONVERSION = YES;
				GCC_WARN_ABOUT_RETURN_TYPE = YES_ERROR;
				GCC_WARN_UNDECLARED_SELECTOR = YES;
				GCC_WARN_UNINITIALIZED_AUTOS = YES_AGGRESSIVE;
				GCC_WARN_UNUSED_FUNCTION = YES;
				GCC_WARN_UNUSED_VARIABLE = YES;
				IPHONEOS_DEPLOYMENT_TARGET = 13.4;
				MTL_ENABLE_DEBUG_INFO = NO;
				MTL_FAST_MATH = YES;
				SDKROOT = iphoneos;
				VALIDATE_PRODUCT = YES;
				VERSIONING_SYSTEM = "apple-generic";
				VERSION_INFO_PREFIX = "";
			};
			name = Release;
		};
		86EDD2FB246A91AF00A697E3 /* Debug */ = {
			isa = XCBuildConfiguration;
			buildSettings = {
				CODE_SIGN_STYLE = Automatic;
				DEFINES_MODULE = YES;
				DYLIB_COMPATIBILITY_VERSION = 1;
				DYLIB_CURRENT_VERSION = 1;
				DYLIB_INSTALL_NAME_BASE = "@rpath";
				INFOPLIST_FILE = MyUnityPluginBridge/Info.plist;
				INSTALL_PATH = "$(LOCAL_LIBRARY_DIR)/Frameworks";
				LD_RUNPATH_SEARCH_PATHS = (
					"$(inherited)",
					"@executable_path/Frameworks",
					"@loader_path/Frameworks",
				);
				PRODUCT_BUNDLE_IDENTIFIER = com.example.MyUnityPluginBridge;
				PRODUCT_NAME = "$(TARGET_NAME:c99extidentifier)";
				SKIP_INSTALL = YES;
				TARGETED_DEVICE_FAMILY = "1,2";
			};
			name = Debug;
		};
		86EDD2FC246A91AF00A697E3 /* Release */ = {
			isa = XCBuildConfiguration;
			buildSettings = {
				CODE_SIGN_STYLE = Automatic;
				DEFINES_MODULE = YES;
				DYLIB_COMPATIBILITY_VERSION = 1;
				DYLIB_CURRENT_VERSION = 1;
				DYLIB_INSTALL_NAME_BASE = "@rpath";
				INFOPLIST_FILE = MyUnityPluginBridge/Info.plist;
				INSTALL_PATH = "$(LOCAL_LIBRARY_DIR)/Frameworks";
				LD_RUNPATH_SEARCH_PATHS = (
					"$(inherited)",
					"@executable_path/Frameworks",
					"@loader_path/Frameworks",
				);
				PRODUCT_BUNDLE_IDENTIFIER = com.example.MyUnityPluginBridge;
				PRODUCT_NAME = "$(TARGET_NAME:c99extidentifier)";
				SKIP_INSTALL = YES;
				TARGETED_DEVICE_FAMILY = "1,2";
			};
			name = Release;
		};
/* End XCBuildConfiguration section */

/* Begin XCConfigurationList section */
		86EDD2EC246A91AF00A697E3 /* Build configuration list for PBXProject "MyUnityPluginBridge" */ = {
			isa = XCConfigurationList;
			buildConfigurations = (
				86EDD2F8246A91AF00A697E3 /* Debug */,
				86EDD2F9246A91AF00A697E3 /* Release */,
			);
			defaultConfigurationIsVisible = 0;
			defaultConfigurationName = Release;
		};
		86EDD2FA246A91AF00A697E3 /* Build configuration list for PBXNativeTarget "MyUnityPluginBridge" */ = {
			isa = XCConfigurationList;
			buildConfigurations = (
				86EDD2FB246A91AF00A697E3 /* Debug */,
				86EDD2FC246A91AF00A697E3 /* Release */,
			);
			defaultConfigurationIsVisible = 0;
			defaultConfigurationName = Release;
		};
/* End XCConfigurationList section */
	};
	rootObject = 86EDD2E9246A91AF00A697E3 /* Project object */;
}
